schema: '2.0'
stages:
  train:
    cmd: python src/train.py
    deps:
    - path: data/processed/train.csv
      hash: md5
      md5: b87e2f627f70ff17ab940240533c2e64
      size: 42157
    - path: src/train.py
      hash: md5
      md5: 97138614ec40d446ed2fab937e2ff768
      size: 4383
  register:
    cmd: python src/register.py
    deps:
    - path: src/register.py
      hash: md5
      md5: dfad6b15083f14716d9ea4b39e6e8298
      size: 1876
  export_model:
    cmd: python src/export_model.py
    deps:
    - path: src/export_model.py
      hash: md5
      md5: 474f5cb26992510bd150173dd7f82914
      size: 764
    - path: src/register.py
      hash: md5
      md5: dfad6b15083f14716d9ea4b39e6e8298
      size: 1876
    outs:
    - path: app/model/model.pkl
      hash: md5
      md5: 56d0955b67e365ebafbe5a6af80284e6
      size: 136537
  preprocess:
    cmd: python src/preprocess.py
    deps:
    - path: data/raw/Plant_1_Generation_Data.csv
      hash: md5
      md5: 97fd3db0b78b1218acfb6fac42a3ea17
      size: 4839076
    - path: data/raw/Plant_1_Weather_Sensor_Data.csv
      hash: md5
      md5: 35d879bab7476bbffeda6e908b34d549
      size: 287847
    - path: src/preprocess.py
      hash: md5
      md5: 118ad7e72e1ee534ae14fa38d61b2c7a
      size: 3284
    outs:
    - path: data/processed/train.csv
      hash: md5
      md5: b87e2f627f70ff17ab940240533c2e64
      size: 42157
