schema: '2.0'
stages:
  preprocess:
    cmd: python src/preprocess.py
    deps:
    - path: data/raw/Plant_1_Generation_Data.csv
      hash: md5
      md5: 97fd3db0b78b1218acfb6fac42a3ea17
      size: 4839076
    - path: data/raw/Plant_1_Weather_Sensor_Data.csv
      hash: md5
      md5: 35d879bab7476bbffeda6e908b34d549
      size: 287847
    - path: src/preprocess.py
      hash: md5
      md5: 1d1d2d17ab99a3c09250a666ff02bb1c
      size: 1498
    outs:
    - path: data/processed/train.csv
      hash: md5
      md5: b87e2f627f70ff17ab940240533c2e64
      size: 42157
  train:
    cmd: python src/train.py
    deps:
    - path: data/processed/train.csv
      hash: md5
      md5: b87e2f627f70ff17ab940240533c2e64
      size: 42157
    - path: src/train.py
      hash: md5
      md5: ac63695b9a681171a04e797b9efb98a2
      size: 2334
    outs:
    - path: mlruns/
      hash: md5
      md5: 8338b7d6daff51ac83eedbde7f7ecb29.dir
      size: 3253241
      nfiles: 122
  register:
    cmd: python src/register.py
    deps:
    - path: mlruns/
      hash: md5
      md5: ae6b9e08a10c98e2364c51893548a39c.dir
      size: 3254056
      nfiles: 125
    - path: src/register.py
      hash: md5
      md5: 848c33fc37f3cba47ec2a05777c3a15e
      size: 1223
